{
  "name": "ngrx-g-load-object",
  "version": "0.0.1",
  "lockfileVersion": 1,
  "requires": true,
  "dependencies": {
    "@ngrx/effects": {
      "version": "13.0.2",
      "resolved": "https://registry.npmjs.org/@ngrx/effects/-/effects-13.0.2.tgz",
      "integrity": "sha512-7yW/KCxlRatDkdEriSnORlOYX8+1QAWEjPulNmHSPwehkzTQ3fIPfRBQy8xP8bnjwvGxnEZNwQlU4q1KVYOfhg==",
      "requires": {
        "tslib": "^2.0.0"
      },
      "dependencies": {
        "tslib": {
          "version": "2.3.1",
          "resolved": "https://registry.npmjs.org/tslib/-/tslib-2.3.1.tgz",
          "integrity": "sha512-77EbyPPpMz+FRFRuAFlWMtmgUWGe9UOG2Z25NqCwiIjRhOf5iKGuzSe5P2w1laq+FkRy4p+PCuVkJSGkzTEKVw=="
        }
      }
    },
    "@ngrx/entity": {
      "version": "13.0.2",
      "resolved": "https://registry.npmjs.org/@ngrx/entity/-/entity-13.0.2.tgz",
      "integrity": "sha512-sAN/YDvDNy4fmCOWU8LfPp8YI8XJcvmO89XTRSoJjo3O9BIbCSEw2gYHe1V7gWHLY5Pr9wiMybKhd4RHtzFHgQ==",
      "requires": {
        "tslib": "^2.0.0"
      },
      "dependencies": {
        "tslib": {
          "version": "2.3.1",
          "resolved": "https://registry.npmjs.org/tslib/-/tslib-2.3.1.tgz",
          "integrity": "sha512-77EbyPPpMz+FRFRuAFlWMtmgUWGe9UOG2Z25NqCwiIjRhOf5iKGuzSe5P2w1laq+FkRy4p+PCuVkJSGkzTEKVw=="
        }
      }
    },
    "@ngrx/router-store": {
      "version": "13.0.2",
      "resolved": "https://registry.npmjs.org/@ngrx/router-store/-/router-store-13.0.2.tgz",
      "integrity": "sha512-XrzHjrD2hhnXdGeIpQm/msN77hoAL/QD3ZYGFJs3yT5d3x/T3L1JFlra7wC0OlKJkOs6zAh5Kz9cJ94YO/TEtQ==",
      "requires": {
        "tslib": "^2.0.0"
      },
      "dependencies": {
        "tslib": {
          "version": "2.3.1",
          "resolved": "https://registry.npmjs.org/tslib/-/tslib-2.3.1.tgz",
          "integrity": "sha512-77EbyPPpMz+FRFRuAFlWMtmgUWGe9UOG2Z25NqCwiIjRhOf5iKGuzSe5P2w1laq+FkRy4p+PCuVkJSGkzTEKVw=="
        }
      }
    },
    "@ngrx/schematics": {
      "version": "13.0.2",
      "resolved": "https://registry.npmjs.org/@ngrx/schematics/-/schematics-13.0.2.tgz",
      "integrity": "sha512-84LwEv7MBTX49e1wjuXKgemxfmQUBdvfUKfPq7AmrTW99EtHHAuLYc+pL9XrbgKvkvVyVmDt+g6d3iw/80TZ1w==",
      "dev": true
    },
    "@ngrx/store": {
      "version": "13.0.2",
      "resolved": "https://registry.npmjs.org/@ngrx/store/-/store-13.0.2.tgz",
      "integrity": "sha512-F7tsc3oCvKh+62MKiXTrvSeaxR41u4p8bch3BLjz12F37376rMuBnXf+V1thsPTZ6RB6aycAi821EQYVXFCXZg==",
      "requires": {
        "tslib": "^2.0.0"
      },
      "dependencies": {
        "tslib": {
          "version": "2.3.1",
          "resolved": "https://registry.npmjs.org/tslib/-/tslib-2.3.1.tgz",
          "integrity": "sha512-77EbyPPpMz+FRFRuAFlWMtmgUWGe9UOG2Z25NqCwiIjRhOf5iKGuzSe5P2w1laq+FkRy4p+PCuVkJSGkzTEKVw=="
        }
      }
    },
    "@ngrx/store-devtools": {
      "version": "13.0.2",
      "resolved": "https://registry.npmjs.org/@ngrx/store-devtools/-/store-devtools-13.0.2.tgz",
      "integrity": "sha512-fcQ5A7cv9PONFvqlpFPXHswWjEflJvqrNt6wmywlxMtJDjkgzCHpvRiJqup/FiTosblRERoeZXN0oHW3Er3+rw==",
      "dev": true,
      "requires": {
        "tslib": "^2.0.0"
      },
      "dependencies": {
        "tslib": {
          "version": "2.3.1",
          "resolved": "https://registry.npmjs.org/tslib/-/tslib-2.3.1.tgz",
          "integrity": "sha512-77EbyPPpMz+FRFRuAFlWMtmgUWGe9UOG2Z25NqCwiIjRhOf5iKGuzSe5P2w1laq+FkRy4p+PCuVkJSGkzTEKVw==",
          "dev": true
        }
      }
    },
    "ts-simple-nameof": {
      "version": "1.3.1",
      "resolved": "https://registry.npmjs.org/ts-simple-nameof/-/ts-simple-nameof-1.3.1.tgz",
      "integrity": "sha512-E0xwaLwDmKmSmo4DE4i+Rp0CuixeZ6wJcn4+2OugzSoPxWW27aNRHhfhcfAELavHHS077dt998oXIMFq+MqeBw=="
    }
  }
}
